// !$*UTF8*$!
{
	archiveVersion = 1;
	classes = {
	};
	objectVersion = 55;
	objects = {

/* Begin PBXBuildFile section */
		3135981ED0128EA9D5C76590 /* Pods_meet2guide_meet2guideUITests.framework in Frameworks */ = {isa = PBXBuildFile; fileRef = 5EC677D16E38F6021F439EF9 /* Pods_meet2guide_meet2guideUITests.framework */; };
		8B55CA9F281AE09E00C2B437 /* GuideAddingViewController.swift in Sources */ = {isa = PBXBuildFile; fileRef = 8B55CA9D281AE09E00C2B437 /* GuideAddingViewController.swift */; };
		8B55CAA0281AE09E00C2B437 /* GuideAddingCell.swift in Sources */ = {isa = PBXBuildFile; fileRef = 8B55CA9E281AE09E00C2B437 /* GuideAddingCell.swift */; };
		8D2093EEE5AB2A6E189309C1 /* Pods_meet2guide.framework in Frameworks */ = {isa = PBXBuildFile; fileRef = 684DF54CF04EA7FD4E8A86F1 /* Pods_meet2guide.framework */; };
		CE2E836928082CBC00CBF2BA /* GosistTourViewController.swift in Sources */ = {isa = PBXBuildFile; fileRef = CE2E836828082CBB00CBF2BA /* GosistTourViewController.swift */; };
		CE8430162800CCE000775255 /* shadow.png in Resources */ = {isa = PBXBuildFile; fileRef = CE8430142800CCE000775255 /* shadow.png */; };
		CE8430172800CCE000775255 /* logo.png in Resources */ = {isa = PBXBuildFile; fileRef = CE8430152800CCE000775255 /* logo.png */; };
		CE92CC4728080AED00803928 /* MapViewController.swift in Sources */ = {isa = PBXBuildFile; fileRef = CE92CC4628080AED00803928 /* MapViewController.swift */; };
		CECE356A27FEEF3F004B64DC /* AppDelegate.swift in Sources */ = {isa = PBXBuildFile; fileRef = CECE356927FEEF3F004B64DC /* AppDelegate.swift */; };
		CECE356C27FEEF3F004B64DC /* SceneDelegate.swift in Sources */ = {isa = PBXBuildFile; fileRef = CECE356B27FEEF3F004B64DC /* SceneDelegate.swift */; };
		CECE356E27FEEF3F004B64DC /* ViewController.swift in Sources */ = {isa = PBXBuildFile; fileRef = CECE356D27FEEF3F004B64DC /* ViewController.swift */; };
		CECE357427FEEF3F004B64DC /* meet2guide.xcdatamodeld in Sources */ = {isa = PBXBuildFile; fileRef = CECE357227FEEF3F004B64DC /* meet2guide.xcdatamodeld */; };
		CECE357627FEEF43004B64DC /* Assets.xcassets in Resources */ = {isa = PBXBuildFile; fileRef = CECE357527FEEF43004B64DC /* Assets.xcassets */; };
		CECE357927FEEF43004B64DC /* LaunchScreen.storyboard in Resources */ = {isa = PBXBuildFile; fileRef = CECE357727FEEF43004B64DC /* LaunchScreen.storyboard */; };
		CECE358427FEEF44004B64DC /* meet2guideTests.swift in Sources */ = {isa = PBXBuildFile; fileRef = CECE358327FEEF44004B64DC /* meet2guideTests.swift */; };
		CECE358E27FEEF44004B64DC /* meet2guideUITests.swift in Sources */ = {isa = PBXBuildFile; fileRef = CECE358D27FEEF44004B64DC /* meet2guideUITests.swift */; };
		CECE359027FEEF44004B64DC /* meet2guideUITestsLaunchTests.swift in Sources */ = {isa = PBXBuildFile; fileRef = CECE358F27FEEF44004B64DC /* meet2guideUITestsLaunchTests.swift */; };
		CEEEBC152802CC9E00110BFE /* RegistrationViewController.swift in Sources */ = {isa = PBXBuildFile; fileRef = CEEEBC142802CC9E00110BFE /* RegistrationViewController.swift */; };
		DD9E09CC17677B19419F112B /* Pods_meet2guideTests.framework in Frameworks */ = {isa = PBXBuildFile; fileRef = 1FD37CC10CDDA641D8F550A3 /* Pods_meet2guideTests.framework */; };
		F416A1142832582D00012CE4 /* WelcomeViewController.swift in Sources */ = {isa = PBXBuildFile; fileRef = F416A112283257CF00012CE4 /* WelcomeViewController.swift */; };
		F416A1152832582D00012CE4 /* WelcomePresenter.swift in Sources */ = {isa = PBXBuildFile; fileRef = F416A113283257CF00012CE4 /* WelcomePresenter.swift */; };
		F416A11828325A1E00012CE4 /* LoginViewController.swift in Sources */ = {isa = PBXBuildFile; fileRef = F416A11728325A1E00012CE4 /* LoginViewController.swift */; };
		F416A11A28325A2900012CE4 /* LoginPresenter.swift in Sources */ = {isa = PBXBuildFile; fileRef = F416A11928325A2900012CE4 /* LoginPresenter.swift */; };
		F416A11C28325A3500012CE4 /* LoginMake.swift in Sources */ = {isa = PBXBuildFile; fileRef = F416A11B28325A3500012CE4 /* LoginMake.swift */; };
		F41AEB44281BF68E0040DF89 /* RegistrationMake.swift in Sources */ = {isa = PBXBuildFile; fileRef = F41AEB41281BF6850040DF89 /* RegistrationMake.swift */; };
		F41AEB45281BF68E0040DF89 /* RegistrationPresenter.swift in Sources */ = {isa = PBXBuildFile; fileRef = F41AEB42281BF6850040DF89 /* RegistrationPresenter.swift */; };
		F41AEB50281BF6E30040DF89 /* GosistTourPresenter.swift in Sources */ = {isa = PBXBuildFile; fileRef = F41AEB4D281BF6DE0040DF89 /* GosistTourPresenter.swift */; };
		F41AEB51281BF6E70040DF89 /* GosistTourMake.swift in Sources */ = {isa = PBXBuildFile; fileRef = F41AEB4E281BF6DE0040DF89 /* GosistTourMake.swift */; };
		F41AEB59281BF9220040DF89 /* NetworkManager.swift in Sources */ = {isa = PBXBuildFile; fileRef = F41AEB58281BF9220040DF89 /* NetworkManager.swift */; };
		F422628E280FE5540041C2FA /* MainTabBarConroller.swift in Sources */ = {isa = PBXBuildFile; fileRef = F422628D280FE5540041C2FA /* MainTabBarConroller.swift */; };
		F4226290280FE6840041C2FA /* MainTabBarPresenter.swift in Sources */ = {isa = PBXBuildFile; fileRef = F422628F280FE6840041C2FA /* MainTabBarPresenter.swift */; };
		F4226292280FE6FF0041C2FA /* MainTabBarMake.swift in Sources */ = {isa = PBXBuildFile; fileRef = F4226291280FE6FF0041C2FA /* MainTabBarMake.swift */; };
		F42262A7281006140041C2FA /* MapMake.swift in Sources */ = {isa = PBXBuildFile; fileRef = F42262A42810060B0041C2FA /* MapMake.swift */; };
		F42262A8281006140041C2FA /* MapPresenter.swift in Sources */ = {isa = PBXBuildFile; fileRef = F42262A52810060B0041C2FA /* MapPresenter.swift */; };
		F42262AB281011E90041C2FA /* ExcursionCell.swift in Sources */ = {isa = PBXBuildFile; fileRef = F42262AA281011E90041C2FA /* ExcursionCell.swift */; };
		F42262AD281011F50041C2FA /* ListViewController.swift in Sources */ = {isa = PBXBuildFile; fileRef = F42262AC281011F50041C2FA /* ListViewController.swift */; };
		F42262AF2810197D0041C2FA /* ListPresenter.swift in Sources */ = {isa = PBXBuildFile; fileRef = F42262AE2810197D0041C2FA /* ListPresenter.swift */; };
		F42262B1281019E30041C2FA /* ListMake.swift in Sources */ = {isa = PBXBuildFile; fileRef = F42262B0281019E30041C2FA /* ListMake.swift */; };
		F42B86552822BCF7002D90DD /* GuideAddingPresenter.swift in Sources */ = {isa = PBXBuildFile; fileRef = F42B86542822BCF7002D90DD /* GuideAddingPresenter.swift */; };
		F42B86572822BDB2002D90DD /* GuideAddingMake.swift in Sources */ = {isa = PBXBuildFile; fileRef = F42B86562822BDB2002D90DD /* GuideAddingMake.swift */; };
		F433B2502847648000DF1531 /* UserExcursionViewController.swift in Sources */ = {isa = PBXBuildFile; fileRef = F433B24F2847648000DF1531 /* UserExcursionViewController.swift */; };
		F433B2522847648B00DF1531 /* UserExcursionPresenter.swift in Sources */ = {isa = PBXBuildFile; fileRef = F433B2512847648B00DF1531 /* UserExcursionPresenter.swift */; };
		F433B2542847649A00DF1531 /* UserExcursionMake.swift in Sources */ = {isa = PBXBuildFile; fileRef = F433B2532847649A00DF1531 /* UserExcursionMake.swift */; };
		F433B256284764A600DF1531 /* UserExcursionCell.swift in Sources */ = {isa = PBXBuildFile; fileRef = F433B255284764A600DF1531 /* UserExcursionCell.swift */; };
		F43D3E5B283E276800AD4633 /* MapAddExcursionViewController.swift in Sources */ = {isa = PBXBuildFile; fileRef = F43D3E5A283E276800AD4633 /* MapAddExcursionViewController.swift */; };
		F43D3E5D283E277700AD4633 /* MapAddExcursionPresenter.swift in Sources */ = {isa = PBXBuildFile; fileRef = F43D3E5C283E277700AD4633 /* MapAddExcursionPresenter.swift */; };
		F43D3E5F283E278400AD4633 /* MapAddExcursionMake.swift in Sources */ = {isa = PBXBuildFile; fileRef = F43D3E5E283E278400AD4633 /* MapAddExcursionMake.swift */; };
		F458CC6F2844C614001D8DB4 /* LoadingViewController.swift in Sources */ = {isa = PBXBuildFile; fileRef = F458CC6E2844C614001D8DB4 /* LoadingViewController.swift */; };
		F458CC712844D268001D8DB4 /* GoogleService-Info.plist in Resources */ = {isa = PBXBuildFile; fileRef = F458CC702844D268001D8DB4 /* GoogleService-Info.plist */; };
		F4614669282664A600BCAE08 /* ImageLoader.swift in Sources */ = {isa = PBXBuildFile; fileRef = F4614668282664A600BCAE08 /* ImageLoader.swift */; };
		F46146722826B17E00BCAE08 /* ImagePicker.swift in Sources */ = {isa = PBXBuildFile; fileRef = F46146712826B17E00BCAE08 /* ImagePicker.swift */; };
		F463205428450F1500A39DB6 /* mark.png in Resources */ = {isa = PBXBuildFile; fileRef = F463205328450F1400A39DB6 /* mark.png */; };
		F47865DF2837E3C900346AAD /* AddedExcursionsViewController.swift in Sources */ = {isa = PBXBuildFile; fileRef = F47865DE2837E3C900346AAD /* AddedExcursionsViewController.swift */; };
		F47865E12837E43200346AAD /* CollectionView.swift in Sources */ = {isa = PBXBuildFile; fileRef = F47865E02837E43200346AAD /* CollectionView.swift */; };
		F47865E32837E49B00346AAD /* CustomFlipTransition.swift in Sources */ = {isa = PBXBuildFile; fileRef = F47865E22837E49B00346AAD /* CustomFlipTransition.swift */; };
		F47865E72837EB7F00346AAD /* CardCell.swift in Sources */ = {isa = PBXBuildFile; fileRef = F47865E62837EB7F00346AAD /* CardCell.swift */; };
		F47865E92837ECDD00346AAD /* CustomCardLayout.swift in Sources */ = {isa = PBXBuildFile; fileRef = F47865E82837ECDD00346AAD /* CustomCardLayout.swift */; };
		F47865EB2838043B00346AAD /* CollectionVIewCalculate.swift in Sources */ = {isa = PBXBuildFile; fileRef = F47865EA2838043B00346AAD /* CollectionVIewCalculate.swift */; };
		F47865ED2838275600346AAD /* AddedExcursionPresenter.swift in Sources */ = {isa = PBXBuildFile; fileRef = F47865EC2838275600346AAD /* AddedExcursionPresenter.swift */; };
		F47865EF2838285000346AAD /* AddedExcursionMake.swift in Sources */ = {isa = PBXBuildFile; fileRef = F47865EE2838285000346AAD /* AddedExcursionMake.swift */; };
		F47865F128382B5700346AAD /* Animation.swift in Sources */ = {isa = PBXBuildFile; fileRef = F47865F028382B5700346AAD /* Animation.swift */; };
		F47F843E280DCFF800C51C0E /* Montserrat-Bold.ttf in Resources */ = {isa = PBXBuildFile; fileRef = F47F843B280DCFF800C51C0E /* Montserrat-Bold.ttf */; };
		F47F843F280DCFF800C51C0E /* Montserrat-Medium.ttf in Resources */ = {isa = PBXBuildFile; fileRef = F47F843C280DCFF800C51C0E /* Montserrat-Medium.ttf */; };
		F47F8440280DCFF800C51C0E /* Montserrat-Regular.ttf in Resources */ = {isa = PBXBuildFile; fileRef = F47F843D280DCFF800C51C0E /* Montserrat-Regular.ttf */; };
		F47F845D280DD15700C51C0E /* AccountCell.swift in Sources */ = {isa = PBXBuildFile; fileRef = F47F8458280DD14C00C51C0E /* AccountCell.swift */; };
		F47F845E280DD15700C51C0E /* AccountPresenter.swift in Sources */ = {isa = PBXBuildFile; fileRef = F47F8459280DD14C00C51C0E /* AccountPresenter.swift */; };
		F47F845F280DD15700C51C0E /* AccountMake.swift in Sources */ = {isa = PBXBuildFile; fileRef = F47F845A280DD14C00C51C0E /* AccountMake.swift */; };
		F47F8460280DD15700C51C0E /* AccountViewController.swift in Sources */ = {isa = PBXBuildFile; fileRef = F47F845B280DD14C00C51C0E /* AccountViewController.swift */; };
		F47F8467280DD19400C51C0E /* InfoUserMake.swift in Sources */ = {isa = PBXBuildFile; fileRef = F47F8462280DD18D00C51C0E /* InfoUserMake.swift */; };
		F47F8469280DD19400C51C0E /* InfoUserViewController.swift in Sources */ = {isa = PBXBuildFile; fileRef = F47F8464280DD18D00C51C0E /* InfoUserViewController.swift */; };
		F47F846A280DD19400C51C0E /* InfoUserCell.swift in Sources */ = {isa = PBXBuildFile; fileRef = F47F8465280DD18D00C51C0E /* InfoUserCell.swift */; };
		F47F846B280DD19400C51C0E /* InfoUserPresenter.swift in Sources */ = {isa = PBXBuildFile; fileRef = F47F8466280DD18D00C51C0E /* InfoUserPresenter.swift */; };
		F47F846E280DD3AA00C51C0E /* User.swift in Sources */ = {isa = PBXBuildFile; fileRef = F47F846D280DD3AA00C51C0E /* User.swift */; };
		F4A5CD622832DF6D0063939F /* Excursion.swift in Sources */ = {isa = PBXBuildFile; fileRef = F4A5CD612832DF6D0063939F /* Excursion.swift */; };
		F4B9AA60284268D7003C38F7 /* MapShowExcursionViewController.swift in Sources */ = {isa = PBXBuildFile; fileRef = F4B9AA5F284268D7003C38F7 /* MapShowExcursionViewController.swift */; };
		F4B9AA62284268E4003C38F7 /* MapShowExcursionPresenter.swift in Sources */ = {isa = PBXBuildFile; fileRef = F4B9AA61284268E4003C38F7 /* MapShowExcursionPresenter.swift */; };
		F4B9AA64284268EF003C38F7 /* MapShowExcursionMake.swift in Sources */ = {isa = PBXBuildFile; fileRef = F4B9AA63284268EF003C38F7 /* MapShowExcursionMake.swift */; };
/* End PBXBuildFile section */

/* Begin PBXContainerItemProxy section */
		CECE358027FEEF44004B64DC /* PBXContainerItemProxy */ = {
			isa = PBXContainerItemProxy;
			containerPortal = CECE355E27FEEF3F004B64DC /* Project object */;
			proxyType = 1;
			remoteGlobalIDString = CECE356527FEEF3F004B64DC;
			remoteInfo = meet2guide;
		};
		CECE358A27FEEF44004B64DC /* PBXContainerItemProxy */ = {
			isa = PBXContainerItemProxy;
			containerPortal = CECE355E27FEEF3F004B64DC /* Project object */;
			proxyType = 1;
			remoteGlobalIDString = CECE356527FEEF3F004B64DC;
			remoteInfo = meet2guide;
		};
/* End PBXContainerItemProxy section */

/* Begin PBXFileReference section */
		1FD37CC10CDDA641D8F550A3 /* Pods_meet2guideTests.framework */ = {isa = PBXFileReference; explicitFileType = wrapper.framework; includeInIndex = 0; path = Pods_meet2guideTests.framework; sourceTree = BUILT_PRODUCTS_DIR; };
		505C309590F55C1B3F17BADC /* Pods-meet2guideTests.debug.xcconfig */ = {isa = PBXFileReference; includeInIndex = 1; lastKnownFileType = text.xcconfig; name = "Pods-meet2guideTests.debug.xcconfig"; path = "Target Support Files/Pods-meet2guideTests/Pods-meet2guideTests.debug.xcconfig"; sourceTree = "<group>"; };
		5EC677D16E38F6021F439EF9 /* Pods_meet2guide_meet2guideUITests.framework */ = {isa = PBXFileReference; explicitFileType = wrapper.framework; includeInIndex = 0; path = Pods_meet2guide_meet2guideUITests.framework; sourceTree = BUILT_PRODUCTS_DIR; };
		684DF54CF04EA7FD4E8A86F1 /* Pods_meet2guide.framework */ = {isa = PBXFileReference; explicitFileType = wrapper.framework; includeInIndex = 0; path = Pods_meet2guide.framework; sourceTree = BUILT_PRODUCTS_DIR; };
		8076D611E3DFA968BD01BF18 /* Pods-meet2guide-meet2guideUITests.release.xcconfig */ = {isa = PBXFileReference; includeInIndex = 1; lastKnownFileType = text.xcconfig; name = "Pods-meet2guide-meet2guideUITests.release.xcconfig"; path = "Target Support Files/Pods-meet2guide-meet2guideUITests/Pods-meet2guide-meet2guideUITests.release.xcconfig"; sourceTree = "<group>"; };
		834709DC2F2E83E6B27B54AB /* Pods-meet2guide.debug.xcconfig */ = {isa = PBXFileReference; includeInIndex = 1; lastKnownFileType = text.xcconfig; name = "Pods-meet2guide.debug.xcconfig"; path = "Target Support Files/Pods-meet2guide/Pods-meet2guide.debug.xcconfig"; sourceTree = "<group>"; };
		8B55CA9D281AE09E00C2B437 /* GuideAddingViewController.swift */ = {isa = PBXFileReference; fileEncoding = 4; lastKnownFileType = sourcecode.swift; path = GuideAddingViewController.swift; sourceTree = "<group>"; };
		8B55CA9E281AE09E00C2B437 /* GuideAddingCell.swift */ = {isa = PBXFileReference; fileEncoding = 4; lastKnownFileType = sourcecode.swift; path = GuideAddingCell.swift; sourceTree = "<group>"; };
		8D2CCF311EE8B05A4F37C182 /* Pods-meet2guide.release.xcconfig */ = {isa = PBXFileReference; includeInIndex = 1; lastKnownFileType = text.xcconfig; name = "Pods-meet2guide.release.xcconfig"; path = "Target Support Files/Pods-meet2guide/Pods-meet2guide.release.xcconfig"; sourceTree = "<group>"; };
		AD156684B65565EF5C7E1627 /* Pods-meet2guide-meet2guideUITests.debug.xcconfig */ = {isa = PBXFileReference; includeInIndex = 1; lastKnownFileType = text.xcconfig; name = "Pods-meet2guide-meet2guideUITests.debug.xcconfig"; path = "Target Support Files/Pods-meet2guide-meet2guideUITests/Pods-meet2guide-meet2guideUITests.debug.xcconfig"; sourceTree = "<group>"; };
		B3C9A1F24160576C7FA9EC68 /* Pods-meet2guideTests.release.xcconfig */ = {isa = PBXFileReference; includeInIndex = 1; lastKnownFileType = text.xcconfig; name = "Pods-meet2guideTests.release.xcconfig"; path = "Target Support Files/Pods-meet2guideTests/Pods-meet2guideTests.release.xcconfig"; sourceTree = "<group>"; };
		CE2E836828082CBB00CBF2BA /* GosistTourViewController.swift */ = {isa = PBXFileReference; fileEncoding = 4; lastKnownFileType = sourcecode.swift; name = GosistTourViewController.swift; path = GosistTour/GosistTourViewController.swift; sourceTree = "<group>"; };
		CE8430142800CCE000775255 /* shadow.png */ = {isa = PBXFileReference; lastKnownFileType = image.png; name = shadow.png; path = Assets.xcassets/shadow.png; sourceTree = "<group>"; };
		CE8430152800CCE000775255 /* logo.png */ = {isa = PBXFileReference; lastKnownFileType = image.png; name = logo.png; path = Assets.xcassets/logo.png; sourceTree = "<group>"; };
		CE92CC4628080AED00803928 /* MapViewController.swift */ = {isa = PBXFileReference; fileEncoding = 4; lastKnownFileType = sourcecode.swift; path = MapViewController.swift; sourceTree = "<group>"; };
		CEB083102809F31A009FE4A1 /* LoginPresenter.swift */ = {isa = PBXFileReference; lastKnownFileType = sourcecode.swift; name = LoginPresenter.swift; path = LoginView/LoginPresenter.swift; sourceTree = "<group>"; };
		CECE356627FEEF3F004B64DC /* meet2guide.app */ = {isa = PBXFileReference; explicitFileType = wrapper.application; includeInIndex = 0; path = meet2guide.app; sourceTree = BUILT_PRODUCTS_DIR; };
		CECE356927FEEF3F004B64DC /* AppDelegate.swift */ = {isa = PBXFileReference; lastKnownFileType = sourcecode.swift; path = AppDelegate.swift; sourceTree = "<group>"; };
		CECE356B27FEEF3F004B64DC /* SceneDelegate.swift */ = {isa = PBXFileReference; lastKnownFileType = sourcecode.swift; path = SceneDelegate.swift; sourceTree = "<group>"; };
		CECE356D27FEEF3F004B64DC /* ViewController.swift */ = {isa = PBXFileReference; lastKnownFileType = sourcecode.swift; path = ViewController.swift; sourceTree = "<group>"; };
		CECE357327FEEF3F004B64DC /* meet2guide.xcdatamodel */ = {isa = PBXFileReference; lastKnownFileType = wrapper.xcdatamodel; path = meet2guide.xcdatamodel; sourceTree = "<group>"; };
		CECE357527FEEF43004B64DC /* Assets.xcassets */ = {isa = PBXFileReference; lastKnownFileType = folder.assetcatalog; path = Assets.xcassets; sourceTree = "<group>"; };
		CECE357827FEEF43004B64DC /* Base */ = {isa = PBXFileReference; lastKnownFileType = file.storyboard; name = Base; path = Base.lproj/LaunchScreen.storyboard; sourceTree = "<group>"; };
		CECE357A27FEEF43004B64DC /* Info.plist */ = {isa = PBXFileReference; lastKnownFileType = text.plist.xml; path = Info.plist; sourceTree = "<group>"; };
		CECE357F27FEEF44004B64DC /* meet2guideTests.xctest */ = {isa = PBXFileReference; explicitFileType = wrapper.cfbundle; includeInIndex = 0; path = meet2guideTests.xctest; sourceTree = BUILT_PRODUCTS_DIR; };
		CECE358327FEEF44004B64DC /* meet2guideTests.swift */ = {isa = PBXFileReference; lastKnownFileType = sourcecode.swift; path = meet2guideTests.swift; sourceTree = "<group>"; };
		CECE358927FEEF44004B64DC /* meet2guideUITests.xctest */ = {isa = PBXFileReference; explicitFileType = wrapper.cfbundle; includeInIndex = 0; path = meet2guideUITests.xctest; sourceTree = BUILT_PRODUCTS_DIR; };
		CECE358D27FEEF44004B64DC /* meet2guideUITests.swift */ = {isa = PBXFileReference; lastKnownFileType = sourcecode.swift; path = meet2guideUITests.swift; sourceTree = "<group>"; };
		CECE358F27FEEF44004B64DC /* meet2guideUITestsLaunchTests.swift */ = {isa = PBXFileReference; lastKnownFileType = sourcecode.swift; path = meet2guideUITestsLaunchTests.swift; sourceTree = "<group>"; };
		CEEEBC142802CC9E00110BFE /* RegistrationViewController.swift */ = {isa = PBXFileReference; fileEncoding = 4; lastKnownFileType = sourcecode.swift; path = RegistrationViewController.swift; sourceTree = "<group>"; };
		F416A112283257CF00012CE4 /* WelcomeViewController.swift */ = {isa = PBXFileReference; lastKnownFileType = sourcecode.swift; path = WelcomeViewController.swift; sourceTree = "<group>"; };
		F416A113283257CF00012CE4 /* WelcomePresenter.swift */ = {isa = PBXFileReference; lastKnownFileType = sourcecode.swift; path = WelcomePresenter.swift; sourceTree = "<group>"; };
		F416A11728325A1E00012CE4 /* LoginViewController.swift */ = {isa = PBXFileReference; lastKnownFileType = sourcecode.swift; path = LoginViewController.swift; sourceTree = "<group>"; };
		F416A11928325A2900012CE4 /* LoginPresenter.swift */ = {isa = PBXFileReference; lastKnownFileType = sourcecode.swift; path = LoginPresenter.swift; sourceTree = "<group>"; };
		F416A11B28325A3500012CE4 /* LoginMake.swift */ = {isa = PBXFileReference; lastKnownFileType = sourcecode.swift; path = LoginMake.swift; sourceTree = "<group>"; };
		F41AEB41281BF6850040DF89 /* RegistrationMake.swift */ = {isa = PBXFileReference; lastKnownFileType = sourcecode.swift; path = RegistrationMake.swift; sourceTree = "<group>"; };
		F41AEB42281BF6850040DF89 /* RegistrationPresenter.swift */ = {isa = PBXFileReference; lastKnownFileType = sourcecode.swift; path = RegistrationPresenter.swift; sourceTree = "<group>"; };
		F41AEB4D281BF6DE0040DF89 /* GosistTourPresenter.swift */ = {isa = PBXFileReference; lastKnownFileType = sourcecode.swift; path = GosistTourPresenter.swift; sourceTree = "<group>"; };
		F41AEB4E281BF6DE0040DF89 /* GosistTourMake.swift */ = {isa = PBXFileReference; lastKnownFileType = sourcecode.swift; path = GosistTourMake.swift; sourceTree = "<group>"; };
		F41AEB4F281BF6DE0040DF89 /* GosistTourViewController.swift */ = {isa = PBXFileReference; lastKnownFileType = sourcecode.swift; path = GosistTourViewController.swift; sourceTree = "<group>"; };
		F41AEB58281BF9220040DF89 /* NetworkManager.swift */ = {isa = PBXFileReference; lastKnownFileType = sourcecode.swift; lineEnding = 0; path = NetworkManager.swift; sourceTree = "<group>"; };
		F422628D280FE5540041C2FA /* MainTabBarConroller.swift */ = {isa = PBXFileReference; lastKnownFileType = sourcecode.swift; path = MainTabBarConroller.swift; sourceTree = "<group>"; };
		F422628F280FE6840041C2FA /* MainTabBarPresenter.swift */ = {isa = PBXFileReference; lastKnownFileType = sourcecode.swift; path = MainTabBarPresenter.swift; sourceTree = "<group>"; };
		F4226291280FE6FF0041C2FA /* MainTabBarMake.swift */ = {isa = PBXFileReference; lastKnownFileType = sourcecode.swift; path = MainTabBarMake.swift; sourceTree = "<group>"; };
		F42262A42810060B0041C2FA /* MapMake.swift */ = {isa = PBXFileReference; lastKnownFileType = sourcecode.swift; path = MapMake.swift; sourceTree = "<group>"; };
		F42262A52810060B0041C2FA /* MapPresenter.swift */ = {isa = PBXFileReference; lastKnownFileType = sourcecode.swift; path = MapPresenter.swift; sourceTree = "<group>"; };
		F42262A62810060B0041C2FA /* MapViewController.swift */ = {isa = PBXFileReference; lastKnownFileType = sourcecode.swift; path = MapViewController.swift; sourceTree = "<group>"; };
		F42262AA281011E90041C2FA /* ExcursionCell.swift */ = {isa = PBXFileReference; lastKnownFileType = sourcecode.swift; path = ExcursionCell.swift; sourceTree = "<group>"; };
		F42262AC281011F50041C2FA /* ListViewController.swift */ = {isa = PBXFileReference; lastKnownFileType = sourcecode.swift; path = ListViewController.swift; sourceTree = "<group>"; };
		F42262AE2810197D0041C2FA /* ListPresenter.swift */ = {isa = PBXFileReference; lastKnownFileType = sourcecode.swift; path = ListPresenter.swift; sourceTree = "<group>"; };
		F42262B0281019E30041C2FA /* ListMake.swift */ = {isa = PBXFileReference; lastKnownFileType = sourcecode.swift; path = ListMake.swift; sourceTree = "<group>"; };
		F42B86542822BCF7002D90DD /* GuideAddingPresenter.swift */ = {isa = PBXFileReference; lastKnownFileType = sourcecode.swift; path = GuideAddingPresenter.swift; sourceTree = "<group>"; };
		F42B86562822BDB2002D90DD /* GuideAddingMake.swift */ = {isa = PBXFileReference; lastKnownFileType = sourcecode.swift; path = GuideAddingMake.swift; sourceTree = "<group>"; };
		F433B24F2847648000DF1531 /* UserExcursionViewController.swift */ = {isa = PBXFileReference; lastKnownFileType = sourcecode.swift; path = UserExcursionViewController.swift; sourceTree = "<group>"; };
		F433B2512847648B00DF1531 /* UserExcursionPresenter.swift */ = {isa = PBXFileReference; lastKnownFileType = sourcecode.swift; path = UserExcursionPresenter.swift; sourceTree = "<group>"; };
		F433B2532847649A00DF1531 /* UserExcursionMake.swift */ = {isa = PBXFileReference; lastKnownFileType = sourcecode.swift; path = UserExcursionMake.swift; sourceTree = "<group>"; };
		F433B255284764A600DF1531 /* UserExcursionCell.swift */ = {isa = PBXFileReference; lastKnownFileType = sourcecode.swift; path = UserExcursionCell.swift; sourceTree = "<group>"; };
		F43D3E5A283E276800AD4633 /* MapAddExcursionViewController.swift */ = {isa = PBXFileReference; lastKnownFileType = sourcecode.swift; path = MapAddExcursionViewController.swift; sourceTree = "<group>"; };
		F43D3E5C283E277700AD4633 /* MapAddExcursionPresenter.swift */ = {isa = PBXFileReference; lastKnownFileType = sourcecode.swift; path = MapAddExcursionPresenter.swift; sourceTree = "<group>"; };
		F43D3E5E283E278400AD4633 /* MapAddExcursionMake.swift */ = {isa = PBXFileReference; lastKnownFileType = sourcecode.swift; path = MapAddExcursionMake.swift; sourceTree = "<group>"; };
		F458CC6E2844C614001D8DB4 /* LoadingViewController.swift */ = {isa = PBXFileReference; lastKnownFileType = sourcecode.swift; path = LoadingViewController.swift; sourceTree = "<group>"; };
		F458CC702844D268001D8DB4 /* GoogleService-Info.plist */ = {isa = PBXFileReference; lastKnownFileType = text.plist.xml; name = "GoogleService-Info.plist"; path = "meet2guide/GoogleService-Info.plist"; sourceTree = "<group>"; };
		F4614668282664A600BCAE08 /* ImageLoader.swift */ = {isa = PBXFileReference; lastKnownFileType = sourcecode.swift; path = ImageLoader.swift; sourceTree = "<group>"; };
		F46146712826B17E00BCAE08 /* ImagePicker.swift */ = {isa = PBXFileReference; lastKnownFileType = sourcecode.swift; path = ImagePicker.swift; sourceTree = "<group>"; };
		F463205328450F1400A39DB6 /* mark.png */ = {isa = PBXFileReference; lastKnownFileType = image.png; path = mark.png; sourceTree = "<group>"; };
		F47865DE2837E3C900346AAD /* AddedExcursionsViewController.swift */ = {isa = PBXFileReference; lastKnownFileType = sourcecode.swift; path = AddedExcursionsViewController.swift; sourceTree = "<group>"; };
		F47865E02837E43200346AAD /* CollectionView.swift */ = {isa = PBXFileReference; lastKnownFileType = sourcecode.swift; path = CollectionView.swift; sourceTree = "<group>"; };
		F47865E22837E49B00346AAD /* CustomFlipTransition.swift */ = {isa = PBXFileReference; lastKnownFileType = sourcecode.swift; path = CustomFlipTransition.swift; sourceTree = "<group>"; };
		F47865E62837EB7F00346AAD /* CardCell.swift */ = {isa = PBXFileReference; lastKnownFileType = sourcecode.swift; path = CardCell.swift; sourceTree = "<group>"; };
		F47865E82837ECDD00346AAD /* CustomCardLayout.swift */ = {isa = PBXFileReference; lastKnownFileType = sourcecode.swift; path = CustomCardLayout.swift; sourceTree = "<group>"; };
		F47865EA2838043B00346AAD /* CollectionVIewCalculate.swift */ = {isa = PBXFileReference; lastKnownFileType = sourcecode.swift; path = CollectionVIewCalculate.swift; sourceTree = "<group>"; };
		F47865EC2838275600346AAD /* AddedExcursionPresenter.swift */ = {isa = PBXFileReference; lastKnownFileType = sourcecode.swift; path = AddedExcursionPresenter.swift; sourceTree = "<group>"; };
		F47865EE2838285000346AAD /* AddedExcursionMake.swift */ = {isa = PBXFileReference; lastKnownFileType = sourcecode.swift; path = AddedExcursionMake.swift; sourceTree = "<group>"; };
		F47865F028382B5700346AAD /* Animation.swift */ = {isa = PBXFileReference; lastKnownFileType = sourcecode.swift; path = Animation.swift; sourceTree = "<group>"; };
		F47F843B280DCFF800C51C0E /* Montserrat-Bold.ttf */ = {isa = PBXFileReference; lastKnownFileType = file; name = "Montserrat-Bold.ttf"; path = "meet2guide/fonts/Montserrat-Bold.ttf"; sourceTree = "<group>"; };
		F47F843C280DCFF800C51C0E /* Montserrat-Medium.ttf */ = {isa = PBXFileReference; lastKnownFileType = file; name = "Montserrat-Medium.ttf"; path = "meet2guide/fonts/Montserrat-Medium.ttf"; sourceTree = "<group>"; };
		F47F843D280DCFF800C51C0E /* Montserrat-Regular.ttf */ = {isa = PBXFileReference; lastKnownFileType = file; name = "Montserrat-Regular.ttf"; path = "meet2guide/fonts/Montserrat-Regular.ttf"; sourceTree = "<group>"; };
		F47F8458280DD14C00C51C0E /* AccountCell.swift */ = {isa = PBXFileReference; lastKnownFileType = sourcecode.swift; path = AccountCell.swift; sourceTree = "<group>"; };
		F47F8459280DD14C00C51C0E /* AccountPresenter.swift */ = {isa = PBXFileReference; lastKnownFileType = sourcecode.swift; path = AccountPresenter.swift; sourceTree = "<group>"; };
		F47F845A280DD14C00C51C0E /* AccountMake.swift */ = {isa = PBXFileReference; lastKnownFileType = sourcecode.swift; path = AccountMake.swift; sourceTree = "<group>"; };
		F47F845B280DD14C00C51C0E /* AccountViewController.swift */ = {isa = PBXFileReference; lastKnownFileType = sourcecode.swift; path = AccountViewController.swift; sourceTree = "<group>"; };
		F47F8462280DD18D00C51C0E /* InfoUserMake.swift */ = {isa = PBXFileReference; lastKnownFileType = sourcecode.swift; path = InfoUserMake.swift; sourceTree = "<group>"; };
		F47F8464280DD18D00C51C0E /* InfoUserViewController.swift */ = {isa = PBXFileReference; lastKnownFileType = sourcecode.swift; path = InfoUserViewController.swift; sourceTree = "<group>"; };
		F47F8465280DD18D00C51C0E /* InfoUserCell.swift */ = {isa = PBXFileReference; lastKnownFileType = sourcecode.swift; path = InfoUserCell.swift; sourceTree = "<group>"; };
		F47F8466280DD18D00C51C0E /* InfoUserPresenter.swift */ = {isa = PBXFileReference; lastKnownFileType = sourcecode.swift; path = InfoUserPresenter.swift; sourceTree = "<group>"; };
		F47F846D280DD3AA00C51C0E /* User.swift */ = {isa = PBXFileReference; lastKnownFileType = sourcecode.swift; path = User.swift; sourceTree = "<group>"; };
		F4A5CD612832DF6D0063939F /* Excursion.swift */ = {isa = PBXFileReference; lastKnownFileType = sourcecode.swift; path = Excursion.swift; sourceTree = "<group>"; };
		F4B9AA5F284268D7003C38F7 /* MapShowExcursionViewController.swift */ = {isa = PBXFileReference; lastKnownFileType = sourcecode.swift; path = MapShowExcursionViewController.swift; sourceTree = "<group>"; };
		F4B9AA61284268E4003C38F7 /* MapShowExcursionPresenter.swift */ = {isa = PBXFileReference; lastKnownFileType = sourcecode.swift; path = MapShowExcursionPresenter.swift; sourceTree = "<group>"; };
		F4B9AA63284268EF003C38F7 /* MapShowExcursionMake.swift */ = {isa = PBXFileReference; lastKnownFileType = sourcecode.swift; path = MapShowExcursionMake.swift; sourceTree = "<group>"; };
/* End PBXFileReference section */

/* Begin PBXFrameworksBuildPhase section */
		CECE356327FEEF3F004B64DC /* Frameworks */ = {
			isa = PBXFrameworksBuildPhase;
			buildActionMask = 2147483647;
			files = (
				8D2093EEE5AB2A6E189309C1 /* Pods_meet2guide.framework in Frameworks */,
			);
			runOnlyForDeploymentPostprocessing = 0;
		};
		CECE357C27FEEF44004B64DC /* Frameworks */ = {
			isa = PBXFrameworksBuildPhase;
			buildActionMask = 2147483647;
			files = (
				DD9E09CC17677B19419F112B /* Pods_meet2guideTests.framework in Frameworks */,
			);
			runOnlyForDeploymentPostprocessing = 0;
		};
		CECE358627FEEF44004B64DC /* Frameworks */ = {
			isa = PBXFrameworksBuildPhase;
			buildActionMask = 2147483647;
			files = (
				3135981ED0128EA9D5C76590 /* Pods_meet2guide_meet2guideUITests.framework in Frameworks */,
			);
			runOnlyForDeploymentPostprocessing = 0;
		};
/* End PBXFrameworksBuildPhase section */

/* Begin PBXGroup section */
		B76F6CAF953A7D6EE0959B68 /* Frameworks */ = {
			isa = PBXGroup;
			children = (
				684DF54CF04EA7FD4E8A86F1 /* Pods_meet2guide.framework */,
				5EC677D16E38F6021F439EF9 /* Pods_meet2guide_meet2guideUITests.framework */,
				1FD37CC10CDDA641D8F550A3 /* Pods_meet2guideTests.framework */,
			);
			name = Frameworks;
			sourceTree = "<group>";
		};
		CECE355D27FEEF3F004B64DC = {
			isa = PBXGroup;
			children = (
				F458CC702844D268001D8DB4 /* GoogleService-Info.plist */,
				F47F843B280DCFF800C51C0E /* Montserrat-Bold.ttf */,
				F47F843C280DCFF800C51C0E /* Montserrat-Medium.ttf */,
				F47F843D280DCFF800C51C0E /* Montserrat-Regular.ttf */,
				CECE356827FEEF3F004B64DC /* meet2guide */,
				CECE358227FEEF44004B64DC /* meet2guideTests */,
				CECE358C27FEEF44004B64DC /* meet2guideUITests */,
				CECE356727FEEF3F004B64DC /* Products */,
				FADAF6B2756B1972502EE690 /* Pods */,
				B76F6CAF953A7D6EE0959B68 /* Frameworks */,
			);
			sourceTree = "<group>";
		};
		CECE356727FEEF3F004B64DC /* Products */ = {
			isa = PBXGroup;
			children = (
				CECE356627FEEF3F004B64DC /* meet2guide.app */,
				CECE357F27FEEF44004B64DC /* meet2guideTests.xctest */,
				CECE358927FEEF44004B64DC /* meet2guideUITests.xctest */,
			);
			name = Products;
			sourceTree = "<group>";
		};
		CECE356827FEEF3F004B64DC /* meet2guide */ = {
			isa = PBXGroup;
			children = (
				F433B24E2847646200DF1531 /* UsersExcursionView */,
				F4B9AA5E284268B5003C38F7 /* MapShowExcursionView */,
				F43D3E59283E274B00AD4633 /* MapAddExcursionView */,
				F47865DD2837E39400346AAD /* AddedExcursionsVIew */,
				F4A5CD602832DF5B0063939F /* Excursion */,
				F416A11628325A0300012CE4 /* LoginView */,
				F416A111283257CF00012CE4 /* WelcomeView */,
				F42B86532822BC97002D90DD /* GuideAddingView */,
				F41AEB4C281BF6DE0040DF89 /* GosistTour */,
				F41AEB40281BF6850040DF89 /* RegistrationView */,
				F42262A9281011C70041C2FA /* ListView */,
				F42262A32810060B0041C2FA /* MapView */,
				F422628C280FE5440041C2FA /* MainTabBar */,
				F47F846C280DD38A00C51C0E /* User */,
				F47F8461280DD18D00C51C0E /* InfoUser */,
				F47F8456280DD14C00C51C0E /* AccountView */,
				CE2E836828082CBB00CBF2BA /* GosistTourViewController.swift */,
				F41AEB58281BF9220040DF89 /* NetworkManager.swift */,
				CE8430152800CCE000775255 /* logo.png */,
				CE8430142800CCE000775255 /* shadow.png */,
				F463205328450F1400A39DB6 /* mark.png */,
				CECE356927FEEF3F004B64DC /* AppDelegate.swift */,
				CECE356B27FEEF3F004B64DC /* SceneDelegate.swift */,
				CECE356D27FEEF3F004B64DC /* ViewController.swift */,
				CECE357527FEEF43004B64DC /* Assets.xcassets */,
				CECE357727FEEF43004B64DC /* LaunchScreen.storyboard */,
				CECE357A27FEEF43004B64DC /* Info.plist */,
				CECE357227FEEF3F004B64DC /* meet2guide.xcdatamodeld */,
				CEB083102809F31A009FE4A1 /* LoginPresenter.swift */,
				F4614668282664A600BCAE08 /* ImageLoader.swift */,
				F46146712826B17E00BCAE08 /* ImagePicker.swift */,
				F458CC6E2844C614001D8DB4 /* LoadingViewController.swift */,
			);
			path = meet2guide;
			sourceTree = "<group>";
		};
		CECE358227FEEF44004B64DC /* meet2guideTests */ = {
			isa = PBXGroup;
			children = (
				CECE358327FEEF44004B64DC /* meet2guideTests.swift */,
			);
			path = meet2guideTests;
			sourceTree = "<group>";
		};
		CECE358C27FEEF44004B64DC /* meet2guideUITests */ = {
			isa = PBXGroup;
			children = (
				CECE358D27FEEF44004B64DC /* meet2guideUITests.swift */,
				CECE358F27FEEF44004B64DC /* meet2guideUITestsLaunchTests.swift */,
			);
			path = meet2guideUITests;
			sourceTree = "<group>";
		};
		F416A111283257CF00012CE4 /* WelcomeView */ = {
			isa = PBXGroup;
			children = (
				F416A112283257CF00012CE4 /* WelcomeViewController.swift */,
				F416A113283257CF00012CE4 /* WelcomePresenter.swift */,
			);
			path = WelcomeView;
			sourceTree = "<group>";
		};
		F416A11628325A0300012CE4 /* LoginView */ = {
			isa = PBXGroup;
			children = (
				F416A11728325A1E00012CE4 /* LoginViewController.swift */,
				F416A11928325A2900012CE4 /* LoginPresenter.swift */,
				F416A11B28325A3500012CE4 /* LoginMake.swift */,
			);
			path = LoginView;
			sourceTree = "<group>";
		};
		F41AEB40281BF6850040DF89 /* RegistrationView */ = {
			isa = PBXGroup;
			children = (
				F41AEB41281BF6850040DF89 /* RegistrationMake.swift */,
				F41AEB42281BF6850040DF89 /* RegistrationPresenter.swift */,
				CEEEBC142802CC9E00110BFE /* RegistrationViewController.swift */,
			);
			path = RegistrationView;
			sourceTree = "<group>";
		};
		F41AEB4C281BF6DE0040DF89 /* GosistTour */ = {
			isa = PBXGroup;
			children = (
				F41AEB4D281BF6DE0040DF89 /* GosistTourPresenter.swift */,
				F41AEB4E281BF6DE0040DF89 /* GosistTourMake.swift */,
				F41AEB4F281BF6DE0040DF89 /* GosistTourViewController.swift */,
			);
			path = GosistTour;
			sourceTree = "<group>";
		};
		F422628C280FE5440041C2FA /* MainTabBar */ = {
			isa = PBXGroup;
			children = (
				F422628D280FE5540041C2FA /* MainTabBarConroller.swift */,
				F422628F280FE6840041C2FA /* MainTabBarPresenter.swift */,
				F4226291280FE6FF0041C2FA /* MainTabBarMake.swift */,
			);
			path = MainTabBar;
			sourceTree = "<group>";
		};
		F42262A32810060B0041C2FA /* MapView */ = {
			isa = PBXGroup;
			children = (
				F42262A42810060B0041C2FA /* MapMake.swift */,
				F42262A52810060B0041C2FA /* MapPresenter.swift */,
				CE92CC4628080AED00803928 /* MapViewController.swift */,
				F42262A62810060B0041C2FA /* MapViewController.swift */,
			);
			path = MapView;
			sourceTree = "<group>";
		};
		F42262A9281011C70041C2FA /* ListView */ = {
			isa = PBXGroup;
			children = (
				F42262AA281011E90041C2FA /* ExcursionCell.swift */,
				F42262AC281011F50041C2FA /* ListViewController.swift */,
				F42262AE2810197D0041C2FA /* ListPresenter.swift */,
				F42262B0281019E30041C2FA /* ListMake.swift */,
			);
			path = ListView;
			sourceTree = "<group>";
		};
		F42B86532822BC97002D90DD /* GuideAddingView */ = {
			isa = PBXGroup;
			children = (
				8B55CA9E281AE09E00C2B437 /* GuideAddingCell.swift */,
				8B55CA9D281AE09E00C2B437 /* GuideAddingViewController.swift */,
				F42B86542822BCF7002D90DD /* GuideAddingPresenter.swift */,
				F42B86562822BDB2002D90DD /* GuideAddingMake.swift */,
			);
			path = GuideAddingView;
			sourceTree = "<group>";
		};
		F433B24E2847646200DF1531 /* UsersExcursionView */ = {
			isa = PBXGroup;
			children = (
				F433B24F2847648000DF1531 /* UserExcursionViewController.swift */,
				F433B2512847648B00DF1531 /* UserExcursionPresenter.swift */,
				F433B2532847649A00DF1531 /* UserExcursionMake.swift */,
				F433B255284764A600DF1531 /* UserExcursionCell.swift */,
			);
			path = UsersExcursionView;
			sourceTree = "<group>";
		};
		F43D3E59283E274B00AD4633 /* MapAddExcursionView */ = {
			isa = PBXGroup;
			children = (
				F43D3E5A283E276800AD4633 /* MapAddExcursionViewController.swift */,
				F43D3E5C283E277700AD4633 /* MapAddExcursionPresenter.swift */,
				F43D3E5E283E278400AD4633 /* MapAddExcursionMake.swift */,
			);
			path = MapAddExcursionView;
			sourceTree = "<group>";
		};
		F47865DD2837E39400346AAD /* AddedExcursionsVIew */ = {
			isa = PBXGroup;
			children = (
				F47865DE2837E3C900346AAD /* AddedExcursionsViewController.swift */,
				F47865E02837E43200346AAD /* CollectionView.swift */,
				F47865E22837E49B00346AAD /* CustomFlipTransition.swift */,
				F47865E62837EB7F00346AAD /* CardCell.swift */,
				F47865E82837ECDD00346AAD /* CustomCardLayout.swift */,
				F47865EA2838043B00346AAD /* CollectionVIewCalculate.swift */,
				F47865EC2838275600346AAD /* AddedExcursionPresenter.swift */,
				F47865EE2838285000346AAD /* AddedExcursionMake.swift */,
				F47865F028382B5700346AAD /* Animation.swift */,
			);
			path = AddedExcursionsVIew;
			sourceTree = "<group>";
		};
		F47F8456280DD14C00C51C0E /* AccountView */ = {
			isa = PBXGroup;
			children = (
				F47F8458280DD14C00C51C0E /* AccountCell.swift */,
				F47F8459280DD14C00C51C0E /* AccountPresenter.swift */,
				F47F845A280DD14C00C51C0E /* AccountMake.swift */,
				F47F845B280DD14C00C51C0E /* AccountViewController.swift */,
			);
			path = AccountView;
			sourceTree = "<group>";
		};
		F47F8461280DD18D00C51C0E /* InfoUser */ = {
			isa = PBXGroup;
			children = (
				F47F8462280DD18D00C51C0E /* InfoUserMake.swift */,
				F47F8464280DD18D00C51C0E /* InfoUserViewController.swift */,
				F47F8465280DD18D00C51C0E /* InfoUserCell.swift */,
				F47F8466280DD18D00C51C0E /* InfoUserPresenter.swift */,
			);
			path = InfoUser;
			sourceTree = "<group>";
		};
		F47F846C280DD38A00C51C0E /* User */ = {
			isa = PBXGroup;
			children = (
				F47F846D280DD3AA00C51C0E /* User.swift */,
			);
			path = User;
			sourceTree = "<group>";
		};
		F4A5CD602832DF5B0063939F /* Excursion */ = {
			isa = PBXGroup;
			children = (
				F4A5CD612832DF6D0063939F /* Excursion.swift */,
			);
			path = Excursion;
			sourceTree = "<group>";
		};
		F4B9AA5E284268B5003C38F7 /* MapShowExcursionView */ = {
			isa = PBXGroup;
			children = (
				F4B9AA5F284268D7003C38F7 /* MapShowExcursionViewController.swift */,
				F4B9AA61284268E4003C38F7 /* MapShowExcursionPresenter.swift */,
				F4B9AA63284268EF003C38F7 /* MapShowExcursionMake.swift */,
			);
			path = MapShowExcursionView;
			sourceTree = "<group>";
		};
		FADAF6B2756B1972502EE690 /* Pods */ = {
			isa = PBXGroup;
			children = (
				834709DC2F2E83E6B27B54AB /* Pods-meet2guide.debug.xcconfig */,
				8D2CCF311EE8B05A4F37C182 /* Pods-meet2guide.release.xcconfig */,
				AD156684B65565EF5C7E1627 /* Pods-meet2guide-meet2guideUITests.debug.xcconfig */,
				8076D611E3DFA968BD01BF18 /* Pods-meet2guide-meet2guideUITests.release.xcconfig */,
				505C309590F55C1B3F17BADC /* Pods-meet2guideTests.debug.xcconfig */,
				B3C9A1F24160576C7FA9EC68 /* Pods-meet2guideTests.release.xcconfig */,
			);
			path = Pods;
			sourceTree = "<group>";
		};
/* End PBXGroup section */

/* Begin PBXNativeTarget section */
		CECE356527FEEF3F004B64DC /* meet2guide */ = {
			isa = PBXNativeTarget;
			buildConfigurationList = CECE359327FEEF44004B64DC /* Build configuration list for PBXNativeTarget "meet2guide" */;
			buildPhases = (
				BE814FB5812E2ACDAFE169DC /* [CP] Check Pods Manifest.lock */,
				CECE356227FEEF3F004B64DC /* Sources */,
				CECE356327FEEF3F004B64DC /* Frameworks */,
				CECE356427FEEF3F004B64DC /* Resources */,
				A654985E671BC1B9C68EB9FB /* [CP] Copy Pods Resources */,
				83CC741FBD12310AD5B9DBFB /* [CP] Embed Pods Frameworks */,
			);
			buildRules = (
			);
			dependencies = (
			);
			name = meet2guide;
			packageProductDependencies = (
			);
			productName = meet2guide;
			productReference = CECE356627FEEF3F004B64DC /* meet2guide.app */;
			productType = "com.apple.product-type.application";
		};
		CECE357E27FEEF44004B64DC /* meet2guideTests */ = {
			isa = PBXNativeTarget;
			buildConfigurationList = CECE359627FEEF44004B64DC /* Build configuration list for PBXNativeTarget "meet2guideTests" */;
			buildPhases = (
				AA655C1E18AF80566854A20D /* [CP] Check Pods Manifest.lock */,
				CECE357B27FEEF44004B64DC /* Sources */,
				CECE357C27FEEF44004B64DC /* Frameworks */,
				CECE357D27FEEF44004B64DC /* Resources */,
			);
			buildRules = (
			);
			dependencies = (
				CECE358127FEEF44004B64DC /* PBXTargetDependency */,
			);
			name = meet2guideTests;
			productName = meet2guideTests;
			productReference = CECE357F27FEEF44004B64DC /* meet2guideTests.xctest */;
			productType = "com.apple.product-type.bundle.unit-test";
		};
		CECE358827FEEF44004B64DC /* meet2guideUITests */ = {
			isa = PBXNativeTarget;
			buildConfigurationList = CECE359927FEEF44004B64DC /* Build configuration list for PBXNativeTarget "meet2guideUITests" */;
			buildPhases = (
				F35A8DF46114DD36C72CB8DA /* [CP] Check Pods Manifest.lock */,
				CECE358527FEEF44004B64DC /* Sources */,
				CECE358627FEEF44004B64DC /* Frameworks */,
				CECE358727FEEF44004B64DC /* Resources */,
				9331491E41D2AA5884561E1F /* [CP] Copy Pods Resources */,
				E5B1E21880E024A46DBE6CE1 /* [CP] Embed Pods Frameworks */,
			);
			buildRules = (
			);
			dependencies = (
				CECE358B27FEEF44004B64DC /* PBXTargetDependency */,
			);
			name = meet2guideUITests;
			productName = meet2guideUITests;
			productReference = CECE358927FEEF44004B64DC /* meet2guideUITests.xctest */;
			productType = "com.apple.product-type.bundle.ui-testing";
		};
/* End PBXNativeTarget section */

/* Begin PBXProject section */
		CECE355E27FEEF3F004B64DC /* Project object */ = {
			isa = PBXProject;
			attributes = {
				BuildIndependentTargetsInParallel = 1;
				LastSwiftUpdateCheck = 1320;
				LastUpgradeCheck = 1320;
				TargetAttributes = {
					CECE356527FEEF3F004B64DC = {
						CreatedOnToolsVersion = 13.2.1;
					};
					CECE357E27FEEF44004B64DC = {
						CreatedOnToolsVersion = 13.2.1;
						TestTargetID = CECE356527FEEF3F004B64DC;
					};
					CECE358827FEEF44004B64DC = {
						CreatedOnToolsVersion = 13.2.1;
						TestTargetID = CECE356527FEEF3F004B64DC;
					};
				};
			};
			buildConfigurationList = CECE356127FEEF3F004B64DC /* Build configuration list for PBXProject "meet2guide" */;
			compatibilityVersion = "Xcode 13.0";
			developmentRegion = en;
			hasScannedForEncodings = 0;
			knownRegions = (
				en,
				Base,
			);
			mainGroup = CECE355D27FEEF3F004B64DC;
			packageReferences = (
			);
			productRefGroup = CECE356727FEEF3F004B64DC /* Products */;
			projectDirPath = "";
			projectRoot = "";
			targets = (
				CECE356527FEEF3F004B64DC /* meet2guide */,
				CECE357E27FEEF44004B64DC /* meet2guideTests */,
				CECE358827FEEF44004B64DC /* meet2guideUITests */,
			);
		};
/* End PBXProject section */

/* Begin PBXResourcesBuildPhase section */
		CECE356427FEEF3F004B64DC /* Resources */ = {
			isa = PBXResourcesBuildPhase;
			buildActionMask = 2147483647;
			files = (
				F458CC712844D268001D8DB4 /* GoogleService-Info.plist in Resources */,
				F47F843E280DCFF800C51C0E /* Montserrat-Bold.ttf in Resources */,
				F47F843F280DCFF800C51C0E /* Montserrat-Medium.ttf in Resources */,
				F47F8440280DCFF800C51C0E /* Montserrat-Regular.ttf in Resources */,
				CE8430172800CCE000775255 /* logo.png in Resources */,
				F463205428450F1500A39DB6 /* mark.png in Resources */,
				CECE357927FEEF43004B64DC /* LaunchScreen.storyboard in Resources */,
				CECE357627FEEF43004B64DC /* Assets.xcassets in Resources */,
				CE8430162800CCE000775255 /* shadow.png in Resources */,
			);
			runOnlyForDeploymentPostprocessing = 0;
		};
		CECE357D27FEEF44004B64DC /* Resources */ = {
			isa = PBXResourcesBuildPhase;
			buildActionMask = 2147483647;
			files = (
			);
			runOnlyForDeploymentPostprocessing = 0;
		};
		CECE358727FEEF44004B64DC /* Resources */ = {
			isa = PBXResourcesBuildPhase;
			buildActionMask = 2147483647;
			files = (
			);
			runOnlyForDeploymentPostprocessing = 0;
		};
/* End PBXResourcesBuildPhase section */

/* Begin PBXShellScriptBuildPhase section */
		83CC741FBD12310AD5B9DBFB /* [CP] Embed Pods Frameworks */ = {
			isa = PBXShellScriptBuildPhase;
			buildActionMask = 2147483647;
			files = (
			);
			inputFileListPaths = (
				"${PODS_ROOT}/Target Support Files/Pods-meet2guide/Pods-meet2guide-frameworks-${CONFIGURATION}-input-files.xcfilelist",
			);
			name = "[CP] Embed Pods Frameworks";
			outputFileListPaths = (
				"${PODS_ROOT}/Target Support Files/Pods-meet2guide/Pods-meet2guide-frameworks-${CONFIGURATION}-output-files.xcfilelist",
			);
			runOnlyForDeploymentPostprocessing = 0;
			shellPath = /bin/sh;
			shellScript = "\"${PODS_ROOT}/Target Support Files/Pods-meet2guide/Pods-meet2guide-frameworks.sh\"\n";
			showEnvVarsInLog = 0;
		};
		9331491E41D2AA5884561E1F /* [CP] Copy Pods Resources */ = {
			isa = PBXShellScriptBuildPhase;
			buildActionMask = 2147483647;
			files = (
			);
			inputFileListPaths = (
				"${PODS_ROOT}/Target Support Files/Pods-meet2guide-meet2guideUITests/Pods-meet2guide-meet2guideUITests-resources-${CONFIGURATION}-input-files.xcfilelist",
			);
			name = "[CP] Copy Pods Resources";
			outputFileListPaths = (
				"${PODS_ROOT}/Target Support Files/Pods-meet2guide-meet2guideUITests/Pods-meet2guide-meet2guideUITests-resources-${CONFIGURATION}-output-files.xcfilelist",
			);
			runOnlyForDeploymentPostprocessing = 0;
			shellPath = /bin/sh;
			shellScript = "\"${PODS_ROOT}/Target Support Files/Pods-meet2guide-meet2guideUITests/Pods-meet2guide-meet2guideUITests-resources.sh\"\n";
			showEnvVarsInLog = 0;
		};
		A654985E671BC1B9C68EB9FB /* [CP] Copy Pods Resources */ = {
			isa = PBXShellScriptBuildPhase;
			buildActionMask = 2147483647;
			files = (
			);
			inputFileListPaths = (
				"${PODS_ROOT}/Target Support Files/Pods-meet2guide/Pods-meet2guide-resources-${CONFIGURATION}-input-files.xcfilelist",
			);
			name = "[CP] Copy Pods Resources";
			outputFileListPaths = (
				"${PODS_ROOT}/Target Support Files/Pods-meet2guide/Pods-meet2guide-resources-${CONFIGURATION}-output-files.xcfilelist",
			);
			runOnlyForDeploymentPostprocessing = 0;
			shellPath = /bin/sh;
			shellScript = "\"${PODS_ROOT}/Target Support Files/Pods-meet2guide/Pods-meet2guide-resources.sh\"\n";
			showEnvVarsInLog = 0;
		};
		AA655C1E18AF80566854A20D /* [CP] Check Pods Manifest.lock */ = {
			isa = PBXShellScriptBuildPhase;
			buildActionMask = 2147483647;
			files = (
			);
			inputFileListPaths = (
			);
			inputPaths = (
				"${PODS_PODFILE_DIR_PATH}/Podfile.lock",
				"${PODS_ROOT}/Manifest.lock",
			);
			name = "[CP] Check Pods Manifest.lock";
			outputFileListPaths = (
			);
			outputPaths = (
				"$(DERIVED_FILE_DIR)/Pods-meet2guideTests-checkManifestLockResult.txt",
			);
			runOnlyForDeploymentPostprocessing = 0;
			shellPath = /bin/sh;
			shellScript = "diff \"${PODS_PODFILE_DIR_PATH}/Podfile.lock\" \"${PODS_ROOT}/Manifest.lock\" > /dev/null\nif [ $? != 0 ] ; then\n    # print error to STDERR\n    echo \"error: The sandbox is not in sync with the Podfile.lock. Run 'pod install' or update your CocoaPods installation.\" >&2\n    exit 1\nfi\n# This output is used by Xcode 'outputs' to avoid re-running this script phase.\necho \"SUCCESS\" > \"${SCRIPT_OUTPUT_FILE_0}\"\n";
			showEnvVarsInLog = 0;
		};
		BE814FB5812E2ACDAFE169DC /* [CP] Check Pods Manifest.lock */ = {
			isa = PBXShellScriptBuildPhase;
			buildActionMask = 2147483647;
			files = (
			);
			inputFileListPaths = (
			);
			inputPaths = (
				"${PODS_PODFILE_DIR_PATH}/Podfile.lock",
				"${PODS_ROOT}/Manifest.lock",
			);
			name = "[CP] Check Pods Manifest.lock";
			outputFileListPaths = (
			);
			outputPaths = (
				"$(DERIVED_FILE_DIR)/Pods-meet2guide-checkManifestLockResult.txt",
			);
			runOnlyForDeploymentPostprocessing = 0;
			shellPath = /bin/sh;
			shellScript = "diff \"${PODS_PODFILE_DIR_PATH}/Podfile.lock\" \"${PODS_ROOT}/Manifest.lock\" > /dev/null\nif [ $? != 0 ] ; then\n    # print error to STDERR\n    echo \"error: The sandbox is not in sync with the Podfile.lock. Run 'pod install' or update your CocoaPods installation.\" >&2\n    exit 1\nfi\n# This output is used by Xcode 'outputs' to avoid re-running this script phase.\necho \"SUCCESS\" > \"${SCRIPT_OUTPUT_FILE_0}\"\n";
			showEnvVarsInLog = 0;
		};
		E5B1E21880E024A46DBE6CE1 /* [CP] Embed Pods Frameworks */ = {
			isa = PBXShellScriptBuildPhase;
			buildActionMask = 2147483647;
			files = (
			);
			inputFileListPaths = (
				"${PODS_ROOT}/Target Support Files/Pods-meet2guide-meet2guideUITests/Pods-meet2guide-meet2guideUITests-frameworks-${CONFIGURATION}-input-files.xcfilelist",
			);
			name = "[CP] Embed Pods Frameworks";
			outputFileListPaths = (
				"${PODS_ROOT}/Target Support Files/Pods-meet2guide-meet2guideUITests/Pods-meet2guide-meet2guideUITests-frameworks-${CONFIGURATION}-output-files.xcfilelist",
			);
			runOnlyForDeploymentPostprocessing = 0;
			shellPath = /bin/sh;
			shellScript = "\"${PODS_ROOT}/Target Support Files/Pods-meet2guide-meet2guideUITests/Pods-meet2guide-meet2guideUITests-frameworks.sh\"\n";
			showEnvVarsInLog = 0;
		};
		F35A8DF46114DD36C72CB8DA /* [CP] Check Pods Manifest.lock */ = {
			isa = PBXShellScriptBuildPhase;
			buildActionMask = 2147483647;
			files = (
			);
			inputFileListPaths = (
			);
			inputPaths = (
				"${PODS_PODFILE_DIR_PATH}/Podfile.lock",
				"${PODS_ROOT}/Manifest.lock",
			);
			name = "[CP] Check Pods Manifest.lock";
			outputFileListPaths = (
			);
			outputPaths = (
				"$(DERIVED_FILE_DIR)/Pods-meet2guide-meet2guideUITests-checkManifestLockResult.txt",
			);
			runOnlyForDeploymentPostprocessing = 0;
			shellPath = /bin/sh;
			shellScript = "diff \"${PODS_PODFILE_DIR_PATH}/Podfile.lock\" \"${PODS_ROOT}/Manifest.lock\" > /dev/null\nif [ $? != 0 ] ; then\n    # print error to STDERR\n    echo \"error: The sandbox is not in sync with the Podfile.lock. Run 'pod install' or update your CocoaPods installation.\" >&2\n    exit 1\nfi\n# This output is used by Xcode 'outputs' to avoid re-running this script phase.\necho \"SUCCESS\" > \"${SCRIPT_OUTPUT_FILE_0}\"\n";
			showEnvVarsInLog = 0;
		};
/* End PBXShellScriptBuildPhase section */

/* Begin PBXSourcesBuildPhase section */
		CECE356227FEEF3F004B64DC /* Sources */ = {
			isa = PBXSourcesBuildPhase;
			buildActionMask = 2147483647;
			files = (
				F416A1142832582D00012CE4 /* WelcomeViewController.swift in Sources */,
				F4B9AA62284268E4003C38F7 /* MapShowExcursionPresenter.swift in Sources */,
				F416A1152832582D00012CE4 /* WelcomePresenter.swift in Sources */,
				F458CC6F2844C614001D8DB4 /* LoadingViewController.swift in Sources */,
				F4B9AA60284268D7003C38F7 /* MapShowExcursionViewController.swift in Sources */,
				F41AEB59281BF9220040DF89 /* NetworkManager.swift in Sources */,
				CE2E836928082CBC00CBF2BA /* GosistTourViewController.swift in Sources */,
				F41AEB51281BF6E70040DF89 /* GosistTourMake.swift in Sources */,
				F41AEB50281BF6E30040DF89 /* GosistTourPresenter.swift in Sources */,
				F41AEB44281BF68E0040DF89 /* RegistrationMake.swift in Sources */,
				F41AEB45281BF68E0040DF89 /* RegistrationPresenter.swift in Sources */,
				F42262A7281006140041C2FA /* MapMake.swift in Sources */,
				F433B2542847649A00DF1531 /* UserExcursionMake.swift in Sources */,
				F42262A8281006140041C2FA /* MapPresenter.swift in Sources */,
				F47F8467280DD19400C51C0E /* InfoUserMake.swift in Sources */,
				F422628E280FE5540041C2FA /* MainTabBarConroller.swift in Sources */,
				F47F8469280DD19400C51C0E /* InfoUserViewController.swift in Sources */,
				F433B256284764A600DF1531 /* UserExcursionCell.swift in Sources */,
				F47865EB2838043B00346AAD /* CollectionVIewCalculate.swift in Sources */,
				F47F846A280DD19400C51C0E /* InfoUserCell.swift in Sources */,
				F47F846B280DD19400C51C0E /* InfoUserPresenter.swift in Sources */,
				F42B86552822BCF7002D90DD /* GuideAddingPresenter.swift in Sources */,
				F47865E92837ECDD00346AAD /* CustomCardLayout.swift in Sources */,
				F46146722826B17E00BCAE08 /* ImagePicker.swift in Sources */,
				F42262AB281011E90041C2FA /* ExcursionCell.swift in Sources */,
				F42262AF2810197D0041C2FA /* ListPresenter.swift in Sources */,
				F47F845D280DD15700C51C0E /* AccountCell.swift in Sources */,
				F47F845E280DD15700C51C0E /* AccountPresenter.swift in Sources */,
				F4614669282664A600BCAE08 /* ImageLoader.swift in Sources */,
				F4A5CD622832DF6D0063939F /* Excursion.swift in Sources */,
				F47865E32837E49B00346AAD /* CustomFlipTransition.swift in Sources */,
				F47F845F280DD15700C51C0E /* AccountMake.swift in Sources */,
				F433B2522847648B00DF1531 /* UserExcursionPresenter.swift in Sources */,
				F47865E72837EB7F00346AAD /* CardCell.swift in Sources */,
				8B55CA9F281AE09E00C2B437 /* GuideAddingViewController.swift in Sources */,
				F416A11C28325A3500012CE4 /* LoginMake.swift in Sources */,
				F416A11A28325A2900012CE4 /* LoginPresenter.swift in Sources */,
				F416A11828325A1E00012CE4 /* LoginViewController.swift in Sources */,
				F47F8460280DD15700C51C0E /* AccountViewController.swift in Sources */,
				F47865ED2838275600346AAD /* AddedExcursionPresenter.swift in Sources */,
				F4226290280FE6840041C2FA /* MainTabBarPresenter.swift in Sources */,
				F4226292280FE6FF0041C2FA /* MainTabBarMake.swift in Sources */,
				CEEEBC152802CC9E00110BFE /* RegistrationViewController.swift in Sources */,
				F43D3E5F283E278400AD4633 /* MapAddExcursionMake.swift in Sources */,
				F47865F128382B5700346AAD /* Animation.swift in Sources */,
				F43D3E5D283E277700AD4633 /* MapAddExcursionPresenter.swift in Sources */,
				CECE356E27FEEF3F004B64DC /* ViewController.swift in Sources */,
				CECE356A27FEEF3F004B64DC /* AppDelegate.swift in Sources */,
				F4B9AA64284268EF003C38F7 /* MapShowExcursionMake.swift in Sources */,
				F43D3E5B283E276800AD4633 /* MapAddExcursionViewController.swift in Sources */,
				CECE357427FEEF3F004B64DC /* meet2guide.xcdatamodeld in Sources */,
				CECE356C27FEEF3F004B64DC /* SceneDelegate.swift in Sources */,
				F42B86572822BDB2002D90DD /* GuideAddingMake.swift in Sources */,
				CE92CC4728080AED00803928 /* MapViewController.swift in Sources */,
				F42262AD281011F50041C2FA /* ListViewController.swift in Sources */,
				F47F846E280DD3AA00C51C0E /* User.swift in Sources */,
				F433B2502847648000DF1531 /* UserExcursionViewController.swift in Sources */,
				8B55CAA0281AE09E00C2B437 /* GuideAddingCell.swift in Sources */,
				F47865DF2837E3C900346AAD /* AddedExcursionsViewController.swift in Sources */,
				F47865EF2838285000346AAD /* AddedExcursionMake.swift in Sources */,
				F47865E12837E43200346AAD /* CollectionView.swift in Sources */,
				F42262B1281019E30041C2FA /* ListMake.swift in Sources */,
			);
			runOnlyForDeploymentPostprocessing = 0;
		};
		CECE357B27FEEF44004B64DC /* Sources */ = {
			isa = PBXSourcesBuildPhase;
			buildActionMask = 2147483647;
			files = (
				CECE358427FEEF44004B64DC /* meet2guideTests.swift in Sources */,
			);
			runOnlyForDeploymentPostprocessing = 0;
		};
		CECE358527FEEF44004B64DC /* Sources */ = {
			isa = PBXSourcesBuildPhase;
			buildActionMask = 2147483647;
			files = (
				CECE358E27FEEF44004B64DC /* meet2guideUITests.swift in Sources */,
				CECE359027FEEF44004B64DC /* meet2guideUITestsLaunchTests.swift in Sources */,
			);
			runOnlyForDeploymentPostprocessing = 0;
		};
/* End PBXSourcesBuildPhase section */

/* Begin PBXTargetDependency section */
		CECE358127FEEF44004B64DC /* PBXTargetDependency */ = {
			isa = PBXTargetDependency;
			target = CECE356527FEEF3F004B64DC /* meet2guide */;
			targetProxy = CECE358027FEEF44004B64DC /* PBXContainerItemProxy */;
		};
		CECE358B27FEEF44004B64DC /* PBXTargetDependency */ = {
			isa = PBXTargetDependency;
			target = CECE356527FEEF3F004B64DC /* meet2guide */;
			targetProxy = CECE358A27FEEF44004B64DC /* PBXContainerItemProxy */;
		};
/* End PBXTargetDependency section */

/* Begin PBXVariantGroup section */
		CECE357727FEEF43004B64DC /* LaunchScreen.storyboard */ = {
			isa = PBXVariantGroup;
			children = (
				CECE357827FEEF43004B64DC /* Base */,
			);
			name = LaunchScreen.storyboard;
			sourceTree = "<group>";
		};
/* End PBXVariantGroup section */

/* Begin XCBuildConfiguration section */
		CECE359127FEEF44004B64DC /* Debug */ = {
			isa = XCBuildConfiguration;
			buildSettings = {
				ALWAYS_SEARCH_USER_PATHS = NO;
				CLANG_ANALYZER_NONNULL = YES;
				CLANG_ANALYZER_NUMBER_OBJECT_CONVERSION = YES_AGGRESSIVE;
				CLANG_CXX_LANGUAGE_STANDARD = "gnu++17";
				CLANG_CXX_LIBRARY = "libc++";
				CLANG_ENABLE_MODULES = YES;
				CLANG_ENABLE_OBJC_ARC = YES;
				CLANG_ENABLE_OBJC_WEAK = YES;
				CLANG_WARN_BLOCK_CAPTURE_AUTORELEASING = YES;
				CLANG_WARN_BOOL_CONVERSION = YES;
				CLANG_WARN_COMMA = YES;
				CLANG_WARN_CONSTANT_CONVERSION = YES;
				CLANG_WARN_DEPRECATED_OBJC_IMPLEMENTATIONS = YES;
				CLANG_WARN_DIRECT_OBJC_ISA_USAGE = YES_ERROR;
				CLANG_WARN_DOCUMENTATION_COMMENTS = YES;
				CLANG_WARN_EMPTY_BODY = YES;
				CLANG_WARN_ENUM_CONVERSION = YES;
				CLANG_WARN_INFINITE_RECURSION = YES;
				CLANG_WARN_INT_CONVERSION = YES;
				CLANG_WARN_NON_LITERAL_NULL_CONVERSION = YES;
				CLANG_WARN_OBJC_IMPLICIT_RETAIN_SELF = YES;
				CLANG_WARN_OBJC_LITERAL_CONVERSION = YES;
				CLANG_WARN_OBJC_ROOT_CLASS = YES_ERROR;
				CLANG_WARN_QUOTED_INCLUDE_IN_FRAMEWORK_HEADER = YES;
				CLANG_WARN_RANGE_LOOP_ANALYSIS = YES;
				CLANG_WARN_STRICT_PROTOTYPES = YES;
				CLANG_WARN_SUSPICIOUS_MOVE = YES;
				CLANG_WARN_UNGUARDED_AVAILABILITY = YES_AGGRESSIVE;
				CLANG_WARN_UNREACHABLE_CODE = YES;
				CLANG_WARN__DUPLICATE_METHOD_MATCH = YES;
				COPY_PHASE_STRIP = NO;
				DEBUG_INFORMATION_FORMAT = dwarf;
				ENABLE_STRICT_OBJC_MSGSEND = YES;
				ENABLE_TESTABILITY = YES;
				GCC_C_LANGUAGE_STANDARD = gnu11;
				GCC_DYNAMIC_NO_PIC = NO;
				GCC_NO_COMMON_BLOCKS = YES;
				GCC_OPTIMIZATION_LEVEL = 0;
				GCC_PREPROCESSOR_DEFINITIONS = (
					"DEBUG=1",
					"$(inherited)",
				);
				GCC_WARN_64_TO_32_BIT_CONVERSION = YES;
				GCC_WARN_ABOUT_RETURN_TYPE = YES_ERROR;
				GCC_WARN_UNDECLARED_SELECTOR = YES;
				GCC_WARN_UNINITIALIZED_AUTOS = YES_AGGRESSIVE;
				GCC_WARN_UNUSED_FUNCTION = YES;
				GCC_WARN_UNUSED_VARIABLE = YES;
				IPHONEOS_DEPLOYMENT_TARGET = 15.2;
				MTL_ENABLE_DEBUG_INFO = INCLUDE_SOURCE;
				MTL_FAST_MATH = YES;
				ONLY_ACTIVE_ARCH = YES;
				SDKROOT = iphoneos;
				SWIFT_ACTIVE_COMPILATION_CONDITIONS = DEBUG;
				SWIFT_OPTIMIZATION_LEVEL = "-Onone";
			};
			name = Debug;
		};
		CECE359227FEEF44004B64DC /* Release */ = {
			isa = XCBuildConfiguration;
			buildSettings = {
				ALWAYS_SEARCH_USER_PATHS = NO;
				CLANG_ANALYZER_NONNULL = YES;
				CLANG_ANALYZER_NUMBER_OBJECT_CONVERSION = YES_AGGRESSIVE;
				CLANG_CXX_LANGUAGE_STANDARD = "gnu++17";
				CLANG_CXX_LIBRARY = "libc++";
				CLANG_ENABLE_MODULES = YES;
				CLANG_ENABLE_OBJC_ARC = YES;
				CLANG_ENABLE_OBJC_WEAK = YES;
				CLANG_WARN_BLOCK_CAPTURE_AUTORELEASING = YES;
				CLANG_WARN_BOOL_CONVERSION = YES;
				CLANG_WARN_COMMA = YES;
				CLANG_WARN_CONSTANT_CONVERSION = YES;
				CLANG_WARN_DEPRECATED_OBJC_IMPLEMENTATIONS = YES;
				CLANG_WARN_DIRECT_OBJC_ISA_USAGE = YES_ERROR;
				CLANG_WARN_DOCUMENTATION_COMMENTS = YES;
				CLANG_WARN_EMPTY_BODY = YES;
				CLANG_WARN_ENUM_CONVERSION = YES;
				CLANG_WARN_INFINITE_RECURSION = YES;
				CLANG_WARN_INT_CONVERSION = YES;
				CLANG_WARN_NON_LITERAL_NULL_CONVERSION = YES;
				CLANG_WARN_OBJC_IMPLICIT_RETAIN_SELF = YES;
				CLANG_WARN_OBJC_LITERAL_CONVERSION = YES;
				CLANG_WARN_OBJC_ROOT_CLASS = YES_ERROR;
				CLANG_WARN_QUOTED_INCLUDE_IN_FRAMEWORK_HEADER = YES;
				CLANG_WARN_RANGE_LOOP_ANALYSIS = YES;
				CLANG_WARN_STRICT_PROTOTYPES = YES;
				CLANG_WARN_SUSPICIOUS_MOVE = YES;
				CLANG_WARN_UNGUARDED_AVAILABILITY = YES_AGGRESSIVE;
				CLANG_WARN_UNREACHABLE_CODE = YES;
				CLANG_WARN__DUPLICATE_METHOD_MATCH = YES;
				COPY_PHASE_STRIP = NO;
				DEBUG_INFORMATION_FORMAT = "dwarf-with-dsym";
				ENABLE_NS_ASSERTIONS = NO;
				ENABLE_STRICT_OBJC_MSGSEND = YES;
				GCC_C_LANGUAGE_STANDARD = gnu11;
				GCC_NO_COMMON_BLOCKS = YES;
				GCC_WARN_64_TO_32_BIT_CONVERSION = YES;
				GCC_WARN_ABOUT_RETURN_TYPE = YES_ERROR;
				GCC_WARN_UNDECLARED_SELECTOR = YES;
				GCC_WARN_UNINITIALIZED_AUTOS = YES_AGGRESSIVE;
				GCC_WARN_UNUSED_FUNCTION = YES;
				GCC_WARN_UNUSED_VARIABLE = YES;
				IPHONEOS_DEPLOYMENT_TARGET = 15.2;
				MTL_ENABLE_DEBUG_INFO = NO;
				MTL_FAST_MATH = YES;
				SDKROOT = iphoneos;
				SWIFT_COMPILATION_MODE = wholemodule;
				SWIFT_OPTIMIZATION_LEVEL = "-O";
				VALIDATE_PRODUCT = YES;
			};
			name = Release;
		};
		CECE359427FEEF44004B64DC /* Debug */ = {
			isa = XCBuildConfiguration;
			baseConfigurationReference = 834709DC2F2E83E6B27B54AB /* Pods-meet2guide.debug.xcconfig */;
			buildSettings = {
				ASSETCATALOG_COMPILER_APPICON_NAME = AppIcon;
				ASSETCATALOG_COMPILER_GLOBAL_ACCENT_COLOR_NAME = AccentColor;
				CODE_SIGN_STYLE = Automatic;
				CURRENT_PROJECT_VERSION = 1;
				DEVELOPMENT_TEAM = Q7A52Z2TS2;
				GENERATE_INFOPLIST_FILE = YES;
				INFOPLIST_FILE = meet2guide/Info.plist;
				INFOPLIST_KEY_NSLocationWhenInUseUsageDescription = "I need your location";
				INFOPLIST_KEY_UIApplicationSupportsIndirectInputEvents = YES;
				INFOPLIST_KEY_UILaunchStoryboardName = LaunchScreen;
				INFOPLIST_KEY_UISupportedInterfaceOrientations_iPad = "UIInterfaceOrientationPortrait UIInterfaceOrientationPortraitUpsideDown UIInterfaceOrientationLandscapeLeft UIInterfaceOrientationLandscapeRight";
				INFOPLIST_KEY_UISupportedInterfaceOrientations_iPhone = "UIInterfaceOrientationPortrait UIInterfaceOrientationLandscapeLeft UIInterfaceOrientationLandscapeRight";
				LD_RUNPATH_SEARCH_PATHS = (
					"$(inherited)",
					"@executable_path/Frameworks",
				);
				MARKETING_VERSION = 1.0;
				PRODUCT_BUNDLE_IDENTIFIER = none.meet2guide;
				PRODUCT_NAME = "$(TARGET_NAME)";
				SWIFT_EMIT_LOC_STRINGS = YES;
				SWIFT_VERSION = 5.0;
				TARGETED_DEVICE_FAMILY = "1,2";
			};
			name = Debug;
		};
		CECE359527FEEF44004B64DC /* Release */ = {
			isa = XCBuildConfiguration;
			baseConfigurationReference = 8D2CCF311EE8B05A4F37C182 /* Pods-meet2guide.release.xcconfig */;
			buildSettings = {
				ASSETCATALOG_COMPILER_APPICON_NAME = AppIcon;
				ASSETCATALOG_COMPILER_GLOBAL_ACCENT_COLOR_NAME = AccentColor;
				CODE_SIGN_STYLE = Automatic;
				CURRENT_PROJECT_VERSION = 1;
				DEVELOPMENT_TEAM = Q7A52Z2TS2;
				GENERATE_INFOPLIST_FILE = YES;
				INFOPLIST_FILE = meet2guide/Info.plist;
				INFOPLIST_KEY_NSLocationWhenInUseUsageDescription = "I need your location";
				INFOPLIST_KEY_UIApplicationSupportsIndirectInputEvents = YES;
				INFOPLIST_KEY_UILaunchStoryboardName = LaunchScreen;
				INFOPLIST_KEY_UISupportedInterfaceOrientations_iPad = "UIInterfaceOrientationPortrait UIInterfaceOrientationPortraitUpsideDown UIInterfaceOrientationLandscapeLeft UIInterfaceOrientationLandscapeRight";
				INFOPLIST_KEY_UISupportedInterfaceOrientations_iPhone = "UIInterfaceOrientationPortrait UIInterfaceOrientationLandscapeLeft UIInterfaceOrientationLandscapeRight";
				LD_RUNPATH_SEARCH_PATHS = (
					"$(inherited)",
					"@executable_path/Frameworks",
				);
				MARKETING_VERSION = 1.0;
				PRODUCT_BUNDLE_IDENTIFIER = none.meet2guide;
				PRODUCT_NAME = "$(TARGET_NAME)";
				SWIFT_EMIT_LOC_STRINGS = YES;
				SWIFT_VERSION = 5.0;
				TARGETED_DEVICE_FAMILY = "1,2";
			};
			name = Release;
		};
		CECE359727FEEF44004B64DC /* Debug */ = {
			isa = XCBuildConfiguration;
			baseConfigurationReference = 505C309590F55C1B3F17BADC /* Pods-meet2guideTests.debug.xcconfig */;
			buildSettings = {
				ALWAYS_EMBED_SWIFT_STANDARD_LIBRARIES = YES;
				BUNDLE_LOADER = "$(TEST_HOST)";
				CODE_SIGN_STYLE = Automatic;
				CURRENT_PROJECT_VERSION = 1;
				GENERATE_INFOPLIST_FILE = YES;
				IPHONEOS_DEPLOYMENT_TARGET = 15.2;
				MARKETING_VERSION = 1.0;
				PRODUCT_BUNDLE_IDENTIFIER = none.meet2guideTests;
				PRODUCT_NAME = "$(TARGET_NAME)";
				SWIFT_EMIT_LOC_STRINGS = NO;
				SWIFT_VERSION = 5.0;
				TARGETED_DEVICE_FAMILY = "1,2";
				TEST_HOST = "$(BUILT_PRODUCTS_DIR)/meet2guide.app/meet2guide";
			};
			name = Debug;
		};
		CECE359827FEEF44004B64DC /* Release */ = {
			isa = XCBuildConfiguration;
			baseConfigurationReference = B3C9A1F24160576C7FA9EC68 /* Pods-meet2guideTests.release.xcconfig */;
			buildSettings = {
				ALWAYS_EMBED_SWIFT_STANDARD_LIBRARIES = YES;
				BUNDLE_LOADER = "$(TEST_HOST)";
				CODE_SIGN_STYLE = Automatic;
				CURRENT_PROJECT_VERSION = 1;
				GENERATE_INFOPLIST_FILE = YES;
				IPHONEOS_DEPLOYMENT_TARGET = 15.2;
				MARKETING_VERSION = 1.0;
				PRODUCT_BUNDLE_IDENTIFIER = none.meet2guideTests;
				PRODUCT_NAME = "$(TARGET_NAME)";
				SWIFT_EMIT_LOC_STRINGS = NO;
				SWIFT_VERSION = 5.0;
				TARGETED_DEVICE_FAMILY = "1,2";
				TEST_HOST = "$(BUILT_PRODUCTS_DIR)/meet2guide.app/meet2guide";
			};
			name = Release;
		};
		CECE359A27FEEF44004B64DC /* Debug */ = {
			isa = XCBuildConfiguration;
			baseConfigurationReference = AD156684B65565EF5C7E1627 /* Pods-meet2guide-meet2guideUITests.debug.xcconfig */;
			buildSettings = {
				ALWAYS_EMBED_SWIFT_STANDARD_LIBRARIES = YES;
				CODE_SIGN_STYLE = Automatic;
				CURRENT_PROJECT_VERSION = 1;
				GENERATE_INFOPLIST_FILE = YES;
				MARKETING_VERSION = 1.0;
				PRODUCT_BUNDLE_IDENTIFIER = none.meet2guideUITests;
				PRODUCT_NAME = "$(TARGET_NAME)";
				SWIFT_EMIT_LOC_STRINGS = NO;
				SWIFT_VERSION = 5.0;
				TARGETED_DEVICE_FAMILY = "1,2";
				TEST_TARGET_NAME = meet2guide;
			};
			name = Debug;
		};
		CECE359B27FEEF44004B64DC /* Release */ = {
			isa = XCBuildConfiguration;
			baseConfigurationReference = 8076D611E3DFA968BD01BF18 /* Pods-meet2guide-meet2guideUITests.release.xcconfig */;
			buildSettings = {
				ALWAYS_EMBED_SWIFT_STANDARD_LIBRARIES = YES;
				CODE_SIGN_STYLE = Automatic;
				CURRENT_PROJECT_VERSION = 1;
				GENERATE_INFOPLIST_FILE = YES;
				MARKETING_VERSION = 1.0;
				PRODUCT_BUNDLE_IDENTIFIER = none.meet2guideUITests;
				PRODUCT_NAME = "$(TARGET_NAME)";
				SWIFT_EMIT_LOC_STRINGS = NO;
				SWIFT_VERSION = 5.0;
				TARGETED_DEVICE_FAMILY = "1,2";
				TEST_TARGET_NAME = meet2guide;
			};
			name = Release;
		};
/* End XCBuildConfiguration section */

/* Begin XCConfigurationList section */
		CECE356127FEEF3F004B64DC /* Build configuration list for PBXProject "meet2guide" */ = {
			isa = XCConfigurationList;
			buildConfigurations = (
				CECE359127FEEF44004B64DC /* Debug */,
				CECE359227FEEF44004B64DC /* Release */,
			);
			defaultConfigurationIsVisible = 0;
			defaultConfigurationName = Release;
		};
		CECE359327FEEF44004B64DC /* Build configuration list for PBXNativeTarget "meet2guide" */ = {
			isa = XCConfigurationList;
			buildConfigurations = (
				CECE359427FEEF44004B64DC /* Debug */,
				CECE359527FEEF44004B64DC /* Release */,
			);
			defaultConfigurationIsVisible = 0;
			defaultConfigurationName = Release;
		};
		CECE359627FEEF44004B64DC /* Build configuration list for PBXNativeTarget "meet2guideTests" */ = {
			isa = XCConfigurationList;
			buildConfigurations = (
				CECE359727FEEF44004B64DC /* Debug */,
				CECE359827FEEF44004B64DC /* Release */,
			);
			defaultConfigurationIsVisible = 0;
			defaultConfigurationName = Release;
		};
		CECE359927FEEF44004B64DC /* Build configuration list for PBXNativeTarget "meet2guideUITests" */ = {
			isa = XCConfigurationList;
			buildConfigurations = (
				CECE359A27FEEF44004B64DC /* Debug */,
				CECE359B27FEEF44004B64DC /* Release */,
			);
			defaultConfigurationIsVisible = 0;
			defaultConfigurationName = Release;
		};
/* End XCConfigurationList section */

/* Begin XCVersionGroup section */
		CECE357227FEEF3F004B64DC /* meet2guide.xcdatamodeld */ = {
			isa = XCVersionGroup;
			children = (
				CECE357327FEEF3F004B64DC /* meet2guide.xcdatamodel */,
			);
			currentVersion = CECE357327FEEF3F004B64DC /* meet2guide.xcdatamodel */;
			path = meet2guide.xcdatamodeld;
			sourceTree = "<group>";
			versionGroupType = wrapper.xcdatamodel;
		};
/* End XCVersionGroup section */
	};
	rootObject = CECE355E27FEEF3F004B64DC /* Project object */;
}
