{
  "pins" : [
    {
      "identity" : "pinlayout",
      "kind" : "remoteSourceControl",
      "location" : "https://github.com/layoutBox/PinLayout",
      "state" : {
        "revision" : "b44e3c8891a75fc711d85b86c03fed582d6c6ca5",
        "version" : "1.10.2"
      }
    }
  ],
  "version" : 2
}
